Microsoft Visual Studio Solution File, Format Version 11.00
# Visual Studio 2008

Project("{99D6D0C0-E9C4-9DA1-A4AB-AEA5FE9011BD}") = "Time Wizard 380 First copy", "Assembly-CSharp-firstpass.csproj", "{4F59AC42-07D4-67F5-EE11-D29CC5C1675F}"
EndProject
Project("{99D6D0C0-E9C4-9DA1-A4AB-AEA5FE9011BD}") = "Time Wizard 380 First copy", "Assembly-CSharp.csproj", "{04C5CF3F-251A-B28C-B997-A0D50F9F6109}"
EndProject
Project("{99D6D0C0-E9C4-9DA1-A4AB-AEA5FE9011BD}") = "Time Wizard 380 First copy", "Assembly-CSharp-Editor.csproj", "{276E65DB-7183-450F-A149-AAD9F741F0DA}"
EndProject
Project("{99D6D0C0-E9C4-9DA1-A4AB-AEA5FE9011BD}") = "Time Wizard 380 First copy", "Assembly-UnityScript-firstpass.unityproj", "{8BCFE58D-D125-F51E-A4D8-D1E420867AC0}"
EndProject
Project("{99D6D0C0-E9C4-9DA1-A4AB-AEA5FE9011BD}") = "Time Wizard 380 First copy", "Assembly-UnityScript.unityproj", "{5F5E31D4-BFE9-8CBC-2E7E-61EB4E4FBBA0}"
EndProject
Global
	GlobalSection(SolutionConfigurationPlatforms) = preSolution
		Debug|Any CPU = Debug|Any CPU
		Release|Any CPU = Release|Any CPU
	EndGlobalSection
	GlobalSection(ProjectConfigurationPlatforms) = postSolution
		{4F59AC42-07D4-67F5-EE11-D29CC5C1675F}.Debug|Any CPU.ActiveCfg = Debug|Any CPU
		{4F59AC42-07D4-67F5-EE11-D29CC5C1675F}.Debug|Any CPU.Build.0 = Debug|Any CPU
		{4F59AC42-07D4-67F5-EE11-D29CC5C1675F}.Release|Any CPU.ActiveCfg = Release|Any CPU
		{4F59AC42-07D4-67F5-EE11-D29CC5C1675F}.Release|Any CPU.Build.0 = Release|Any CPU
		{04C5CF3F-251A-B28C-B997-A0D50F9F6109}.Debug|Any CPU.ActiveCfg = Debug|Any CPU
		{04C5CF3F-251A-B28C-B997-A0D50F9F6109}.Debug|Any CPU.Build.0 = Debug|Any CPU
		{04C5CF3F-251A-B28C-B997-A0D50F9F6109}.Release|Any CPU.ActiveCfg = Release|Any CPU
		{04C5CF3F-251A-B28C-B997-A0D50F9F6109}.Release|Any CPU.Build.0 = Release|Any CPU
		{276E65DB-7183-450F-A149-AAD9F741F0DA}.Debug|Any CPU.ActiveCfg = Debug|Any CPU
		{276E65DB-7183-450F-A149-AAD9F741F0DA}.Debug|Any CPU.Build.0 = Debug|Any CPU
		{276E65DB-7183-450F-A149-AAD9F741F0DA}.Release|Any CPU.ActiveCfg = Release|Any CPU
		{276E65DB-7183-450F-A149-AAD9F741F0DA}.Release|Any CPU.Build.0 = Release|Any CPU
		{8BCFE58D-D125-F51E-A4D8-D1E420867AC0}.Debug|Any CPU.ActiveCfg = Debug|Any CPU
		{8BCFE58D-D125-F51E-A4D8-D1E420867AC0}.Debug|Any CPU.Build.0 = Debug|Any CPU
		{8BCFE58D-D125-F51E-A4D8-D1E420867AC0}.Release|Any CPU.ActiveCfg = Release|Any CPU
		{8BCFE58D-D125-F51E-A4D8-D1E420867AC0}.Release|Any CPU.Build.0 = Release|Any CPU
		{5F5E31D4-BFE9-8CBC-2E7E-61EB4E4FBBA0}.Debug|Any CPU.ActiveCfg = Debug|Any CPU
		{5F5E31D4-BFE9-8CBC-2E7E-61EB4E4FBBA0}.Debug|Any CPU.Build.0 = Debug|Any CPU
		{5F5E31D4-BFE9-8CBC-2E7E-61EB4E4FBBA0}.Release|Any CPU.ActiveCfg = Release|Any CPU
		{5F5E31D4-BFE9-8CBC-2E7E-61EB4E4FBBA0}.Release|Any CPU.Build.0 = Release|Any CPU
	EndGlobalSection
	GlobalSection(SolutionProperties) = preSolution
		HideSolutionNode = FALSE
	EndGlobalSection
									GlobalSection(MonoDevelopProperties) = preSolution
		StartupItem = Assembly-CSharp.csproj
		Policies = $0
		$0.TextStylePolicy = $1
		$1.inheritsSet = null
		$1.scope = text/x-csharp
		$0.CSharpFormattingPolicy = $2
		$2.inheritsSet = Mono
		$2.inheritsScope = text/x-csharp
		$2.scope = text/x-csharp
		$0.TextStylePolicy = $3
		$3.FileWidth = 120
		$3.TabWidth = 4
		$3.EolMarker = Unix
		$3.inheritsSet = Mono
		$3.inheritsScope = text/plain
		$3.scope = text/plain
	EndGlobalSection

EndGlobal
