Microsoft Visual Studio Solution File, Format Version 11.00
# Visual Studio 2008

Project("{89F379E2-B4E6-FE0F-2151-3D571028B7EF}") = "Time Wizard 380 week 2", "Assembly-CSharp-firstpass-vs.csproj", "{2D0FE0A0-D03D-6AAE-17C3-ED3F72BCFD24}"
EndProject
Project("{89F379E2-B4E6-FE0F-2151-3D571028B7EF}") = "Time Wizard 380 week 2", "Assembly-CSharp-vs.csproj", "{37BD84BB-96E8-B93E-30BD-47B0B740FFB0}"
EndProject
Project("{89F379E2-B4E6-FE0F-2151-3D571028B7EF}") = "Time Wizard 380 week 2", "Assembly-CSharp-Editor-vs.csproj", "{F0252A31-6236-5C28-DE5E-2C46BEDD7602}"
EndProject
Global
	GlobalSection(SolutionConfigurationPlatforms) = preSolution
		Debug|Any CPU = Debug|Any CPU
		Release|Any CPU = Release|Any CPU
	EndGlobalSection
	GlobalSection(ProjectConfigurationPlatforms) = postSolution
		{2D0FE0A0-D03D-6AAE-17C3-ED3F72BCFD24}.Debug|Any CPU.ActiveCfg = Debug|Any CPU
		{2D0FE0A0-D03D-6AAE-17C3-ED3F72BCFD24}.Debug|Any CPU.Build.0 = Debug|Any CPU
		{2D0FE0A0-D03D-6AAE-17C3-ED3F72BCFD24}.Release|Any CPU.ActiveCfg = Release|Any CPU
		{2D0FE0A0-D03D-6AAE-17C3-ED3F72BCFD24}.Release|Any CPU.Build.0 = Release|Any CPU
		{37BD84BB-96E8-B93E-30BD-47B0B740FFB0}.Debug|Any CPU.ActiveCfg = Debug|Any CPU
		{37BD84BB-96E8-B93E-30BD-47B0B740FFB0}.Debug|Any CPU.Build.0 = Debug|Any CPU
		{37BD84BB-96E8-B93E-30BD-47B0B740FFB0}.Release|Any CPU.ActiveCfg = Release|Any CPU
		{37BD84BB-96E8-B93E-30BD-47B0B740FFB0}.Release|Any CPU.Build.0 = Release|Any CPU
		{F0252A31-6236-5C28-DE5E-2C46BEDD7602}.Debug|Any CPU.ActiveCfg = Debug|Any CPU
		{F0252A31-6236-5C28-DE5E-2C46BEDD7602}.Debug|Any CPU.Build.0 = Debug|Any CPU
		{F0252A31-6236-5C28-DE5E-2C46BEDD7602}.Release|Any CPU.ActiveCfg = Release|Any CPU
		{F0252A31-6236-5C28-DE5E-2C46BEDD7602}.Release|Any CPU.Build.0 = Release|Any CPU
	EndGlobalSection
	GlobalSection(SolutionProperties) = preSolution
		HideSolutionNode = FALSE
	EndGlobalSection
							GlobalSection(MonoDevelopProperties) = preSolution
		StartupItem = Assembly-CSharp.csproj
		Policies = $0
		$0.TextStylePolicy = $1
		$1.inheritsSet = null
		$1.scope = text/x-csharp
		$0.CSharpFormattingPolicy = $2
		$2.inheritsSet = Mono
		$2.inheritsScope = text/x-csharp
		$2.scope = text/x-csharp
		$0.TextStylePolicy = $3
		$3.FileWidth = 120
		$3.TabWidth = 4
		$3.IndentWidth = 4
		$3.EolMarker = Unix
		$3.inheritsSet = Mono
		$3.inheritsScope = text/plain
		$3.scope = text/plain
	EndGlobalSection

EndGlobal
